
Microsoft Visual Studio Solution File, Format Version 12.00
# Visual Studio Version 17
VisualStudioVersion = 17.0.31903.59
MinimumVisualStudioVersion = 10.0.40219.1
Project("{9A19103F-16F7-4668-BE54-9A1E7A4F7556}") = "eshop.gateway.api", "eshop.gateway.api\eshop.gateway.api.csproj", "{83B517D8-6DAD-4A6C-AA1F-5E9D3EE347F2}"
EndProject
Project("{9A19103F-16F7-4668-BE54-9A1E7A4F7556}") = "eshop.infrastructure", "eshop.infrastructure\eshop.infrastructure.csproj", "{F591C408-C068-4593-AB45-B07196290915}"
EndProject
Project("{9A19103F-16F7-4668-BE54-9A1E7A4F7556}") = "eshop.order.api", "eshop.order.api\eshop.order.api.csproj", "{80D16848-ECC2-4D5C-A0E1-BD8B2AEAD5E9}"
EndProject
Project("{9A19103F-16F7-4668-BE54-9A1E7A4F7556}") = "eshop.test", "eshop.test\eshop.test.csproj", "{EB05B926-8B0E-424B-844E-EF1209321535}"
EndProject
Project("{9A19103F-16F7-4668-BE54-9A1E7A4F7556}") = "eshop.user.api", "eshop.user.api\eshop.user.api.csproj", "{8A1F21F2-FFD4-47F7-994C-189A741A2B6F}"
EndProject
Project("{2150E333-8FDC-42A3-9474-1A3956D46DE8}") = "Solution Items", "Solution Items", "{5D2ABB62-52EA-4FF4-9468-DEB6C06643AD}"
	ProjectSection(SolutionItems) = preProject
		.gitignore = .gitignore
		README.md = README.md
	EndProjectSection
EndProject
Project("{9A19103F-16F7-4668-BE54-9A1E7A4F7556}") = "eshop.product.api", "eshop.product.api\eshop.product.api.csproj", "{3744E2A6-4EC6-411B-86AB-02A0B474CB86}"
EndProject
Global
	GlobalSection(SolutionConfigurationPlatforms) = preSolution
		Debug|Any CPU = Debug|Any CPU
		Release|Any CPU = Release|Any CPU
	EndGlobalSection
	GlobalSection(ProjectConfigurationPlatforms) = postSolution
		{83B517D8-6DAD-4A6C-AA1F-5E9D3EE347F2}.Debug|Any CPU.ActiveCfg = Debug|Any CPU
		{83B517D8-6DAD-4A6C-AA1F-5E9D3EE347F2}.Debug|Any CPU.Build.0 = Debug|Any CPU
		{83B517D8-6DAD-4A6C-AA1F-5E9D3EE347F2}.Release|Any CPU.ActiveCfg = Release|Any CPU
		{83B517D8-6DAD-4A6C-AA1F-5E9D3EE347F2}.Release|Any CPU.Build.0 = Release|Any CPU
		{F591C408-C068-4593-AB45-B07196290915}.Debug|Any CPU.ActiveCfg = Debug|Any CPU
		{F591C408-C068-4593-AB45-B07196290915}.Debug|Any CPU.Build.0 = Debug|Any CPU
		{F591C408-C068-4593-AB45-B07196290915}.Release|Any CPU.ActiveCfg = Release|Any CPU
		{F591C408-C068-4593-AB45-B07196290915}.Release|Any CPU.Build.0 = Release|Any CPU
		{80D16848-ECC2-4D5C-A0E1-BD8B2AEAD5E9}.Debug|Any CPU.ActiveCfg = Debug|Any CPU
		{80D16848-ECC2-4D5C-A0E1-BD8B2AEAD5E9}.Debug|Any CPU.Build.0 = Debug|Any CPU
		{80D16848-ECC2-4D5C-A0E1-BD8B2AEAD5E9}.Release|Any CPU.ActiveCfg = Release|Any CPU
		{80D16848-ECC2-4D5C-A0E1-BD8B2AEAD5E9}.Release|Any CPU.Build.0 = Release|Any CPU
		{EB05B926-8B0E-424B-844E-EF1209321535}.Debug|Any CPU.ActiveCfg = Debug|Any CPU
		{EB05B926-8B0E-424B-844E-EF1209321535}.Debug|Any CPU.Build.0 = Debug|Any CPU
		{EB05B926-8B0E-424B-844E-EF1209321535}.Release|Any CPU.ActiveCfg = Release|Any CPU
		{EB05B926-8B0E-424B-844E-EF1209321535}.Release|Any CPU.Build.0 = Release|Any CPU
		{8A1F21F2-FFD4-47F7-994C-189A741A2B6F}.Debug|Any CPU.ActiveCfg = Debug|Any CPU
		{8A1F21F2-FFD4-47F7-994C-189A741A2B6F}.Debug|Any CPU.Build.0 = Debug|Any CPU
		{8A1F21F2-FFD4-47F7-994C-189A741A2B6F}.Release|Any CPU.ActiveCfg = Release|Any CPU
		{8A1F21F2-FFD4-47F7-994C-189A741A2B6F}.Release|Any CPU.Build.0 = Release|Any CPU
		{3744E2A6-4EC6-411B-86AB-02A0B474CB86}.Debug|Any CPU.ActiveCfg = Debug|Any CPU
		{3744E2A6-4EC6-411B-86AB-02A0B474CB86}.Debug|Any CPU.Build.0 = Debug|Any CPU
		{3744E2A6-4EC6-411B-86AB-02A0B474CB86}.Release|Any CPU.ActiveCfg = Release|Any CPU
		{3744E2A6-4EC6-411B-86AB-02A0B474CB86}.Release|Any CPU.Build.0 = Release|Any CPU
	EndGlobalSection
	GlobalSection(SolutionProperties) = preSolution
		HideSolutionNode = FALSE
	EndGlobalSection
	GlobalSection(ExtensibilityGlobals) = postSolution
		SolutionGuid = {47A82C6F-3E29-4DCA-A3F1-71E82A2788D1}
	EndGlobalSection
EndGlobal
